<?xml version="1.0" encoding="utf-8"?>
<Project ToolsVersion="4.0" xmlns="http://schemas.microsoft.com/developer/msbuild/2003">
  <ItemGroup>
    <Filter Include="Source Files">
      <UniqueIdentifier>{4FC737F1-C7A5-4376-A066-2A32D752A2FF}</UniqueIdentifier>
      <Extensions>cpp;c;cc;cxx;def;odl;idl;hpj;bat;asm;asmx</Extensions>
    </Filter>
    <Filter Include="Header Files">
      <UniqueIdentifier>{93995380-89BD-4b04-88EB-625FBE52EBFB}</UniqueIdentifier>
      <Extensions>h;hh;hpp;hxx;hm;inl;inc;xsd</Extensions>
    </Filter>
    <Filter Include="Resource Files">
      <UniqueIdentifier>{67DA6AB6-F800-4c08-8B7A-83BB121AAD01}</UniqueIdentifier>
      <Extensions>rc;ico;cur;bmp;dlg;rc2;rct;bin;rgs;gif;jpg;jpeg;jpe;resx;tiff;tif;png;wav;mfcribbon-ms</Extensions>
    </Filter>
    <Filter Include="Header Files\Characters">
      <UniqueIdentifier>{432c3ecb-5d86-459e-9e77-bd2e1721373d}</UniqueIdentifier>
    </Filter>
    <Filter Include="Source Files\Characters">
      <UniqueIdentifier>{072467bf-586c-4e9f-81d8-8e9466cadf3a}</UniqueIdentifier>
    </Filter>
    <Filter Include="Source Files\Traps">
      <UniqueIdentifier>{ca3f2566-6d17-472e-bcd5-14331cb559c4}</UniqueIdentifier>
    </Filter>
    <Filter Include="Header Files\Traps">
      <UniqueIdentifier>{2bee739e-c1db-4490-bd81-4266221e85bb}</UniqueIdentifier>
    </Filter>
    <Filter Include="Header Files\Dungeon">
      <UniqueIdentifier>{65da69bc-c5ae-43f4-8b5d-41c8df76d904}</UniqueIdentifier>
    </Filter>
    <Filter Include="Source Files\Dungeon">
      <UniqueIdentifier>{4d93865d-075e-44a8-a9da-95e406e7c7e1}</UniqueIdentifier>
    </Filter>
    <Filter Include="Header Files\Items">
      <UniqueIdentifier>{4e266f9f-840a-495f-8267-d433aa826ccc}</UniqueIdentifier>
    </Filter>
    <Filter Include="Items">
      <UniqueIdentifier>{ffb91458-78c7-4c33-817a-7e5a4cef9ffb}</UniqueIdentifier>
    </Filter>
  </ItemGroup>
  <ItemGroup>
    <Text Include="ReadMe.txt" />
  </ItemGroup>
  <ItemGroup>
    <ClInclude Include="stdafx.h">
      <Filter>Header Files</Filter>
    </ClInclude>
    <ClInclude Include="targetver.h">
      <Filter>Header Files</Filter>
    </ClInclude>
    <ClInclude Include="Utils.h">
      <Filter>Header Files</Filter>
    </ClInclude>
    <ClInclude Include="Character.h">
      <Filter>Header Files\Characters</Filter>
    </ClInclude>
    <ClInclude Include="Player.h">
      <Filter>Header Files\Characters</Filter>
    </ClInclude>
    <ClInclude Include="Enemy.h">
      <Filter>Header Files\Characters</Filter>
    </ClInclude>
    <ClInclude Include="DungeonLayer.h">
      <Filter>Header Files</Filter>
    </ClInclude>
    <ClInclude Include="Game.cpp">
      <Filter>Source Files</Filter>
    </ClInclude>
    <ClInclude Include="Game.h">
      <Filter>Header Files</Filter>
    </ClInclude>
    <ClInclude Include="Tripwire.h">
      <Filter>Header Files\Traps</Filter>
    </ClInclude>
    <ClInclude Include="Trap.h">
      <Filter>Header Files\Traps</Filter>
    </ClInclude>
    <ClInclude Include="FakeButton.h">
      <Filter>Header Files\Traps</Filter>
    </ClInclude>
    <ClInclude Include="Kebab.h">
      <Filter>Header Files\Traps</Filter>
    </ClInclude>
    <ClInclude Include="Character.h">
      <Filter>Header Files\Characters</Filter>
    </ClInclude>
    <ClInclude Include="Player.h">
      <Filter>Header Files\Characters</Filter>
    </ClInclude>
    <ClInclude Include="Dungeon.h">
      <Filter>Header Files\Dungeon</Filter>
    </ClInclude>
    <ClInclude Include="DungeonGenerator.h">
      <Filter>Header Files\Dungeon</Filter>
    </ClInclude>
    <ClInclude Include="DungeonLayer.h">
      <Filter>Header Files\Dungeon</Filter>
    </ClInclude>
    <ClInclude Include="Enemy.h">
      <Filter>Header Files\Characters</Filter>
    </ClInclude>
    <ClInclude Include="Room.h">
      <Filter>Header Files\Dungeon</Filter>
    </ClInclude>
    <ClInclude Include="Map.h">
      <Filter>Header Files\Dungeon</Filter>
    </ClInclude>
    <ClInclude Include="Beer.h">
      <Filter>Header Files\Traps</Filter>
    </ClInclude>
    <ClInclude Include="Sword.h">
      <Filter>Header Files\Items</Filter>
    </ClInclude>
    <ClInclude Include="Shield.h">
      <Filter>Header Files\Items</Filter>
    </ClInclude>
    <ClInclude Include="RandomPotion.h">
      <Filter>Header Files\Items</Filter>
    </ClInclude>
    <ClInclude Include="Item.h">
      <Filter>Header Files\Items</Filter>
    </ClInclude>
    <ClInclude Include="HealPotion.h">
      <Filter>Header Files\Items</Filter>
    </ClInclude>
    <ClInclude Include="Equipable.h">
      <Filter>Header Files\Items</Filter>
    </ClInclude>
    <ClInclude Include="Useable.h">
      <Filter>Header Files\Items</Filter>
    </ClInclude>
    <ClInclude Include="ItemVisitor.h">
      <Filter>Header Files</Filter>
    </ClInclude>
    <ClInclude Include="NoItem.h">
      <Filter>Header Files</Filter>
    </ClInclude>
    <ClInclude Include="Talisman.h">
      <Filter>Header Files\Items</Filter>
    </ClInclude>
  </ItemGroup>
  <ItemGroup>
    <ClCompile Include="stdafx.cpp">
      <Filter>Source Files</Filter>
    </ClCompile>
    <ClCompile Include="cuperplusplus.cpp">
      <Filter>Source Files</Filter>
    </ClCompile>
    <ClCompile Include="Utils.cpp">
      <Filter>Source Files</Filter>
    </ClCompile>
    <ClCompile Include="Character.cpp">
      <Filter>Source Files\Characters</Filter>
    </ClCompile>
    <ClCompile Include="Enemy.cpp">
      <Filter>Source Files\Characters</Filter>
    </ClCompile>
    <ClCompile Include="Player.cpp">
      <Filter>Source Files\Characters</Filter>
    </ClCompile>
    <ClCompile Include="Trap.cpp">
      <Filter>Source Files\Traps</Filter>
    </ClCompile>
    <ClCompile Include="Tripwire.cpp">
      <Filter>Source Files\Traps</Filter>
    </ClCompile>
    <ClCompile Include="FakeButton.cpp">
      <Filter>Source Files\Traps</Filter>
    </ClCompile>
    <ClCompile Include="Beer.cpp">
      <Filter>Source Files\Traps</Filter>
    </ClCompile>
    <ClCompile Include="Kebab.cpp">
      <Filter>Source Files\Traps</Filter>
    </ClCompile>
    <ClCompile Include="Character.cpp">
      <Filter>Source Files\Characters</Filter>
    </ClCompile>
    <ClCompile Include="Enemy.cpp">
      <Filter>Source Files\Characters</Filter>
    </ClCompile>
    <ClCompile Include="Player.cpp">
      <Filter>Source Files\Characters</Filter>
    </ClCompile>
    <ClCompile Include="Dungeon.cpp">
      <Filter>Source Files\Dungeon</Filter>
    </ClCompile>
    <ClCompile Include="DungeonGenerator.cpp">
      <Filter>Source Files\Dungeon</Filter>
    </ClCompile>
    <ClCompile Include="DungeonLayer.cpp">
      <Filter>Source Files\Dungeon</Filter>
    </ClCompile>
    <ClCompile Include="Map.cpp">
      <Filter>Source Files\Dungeon</Filter>
    </ClCompile>
    <ClCompile Include="Room.cpp">
      <Filter>Source Files\Dungeon</Filter>
    </ClCompile>
    <ClCompile Include="HealPotion.cpp">
      <Filter>Items</Filter>
    </ClCompile>
    <ClCompile Include="Item.cpp">
      <Filter>Items</Filter>
    </ClCompile>
    <ClCompile Include="RandomPotion.cpp">
      <Filter>Items</Filter>
    </ClCompile>
    <ClCompile Include="Shield.cpp">
      <Filter>Items</Filter>
    </ClCompile>
    <ClCompile Include="Sword.cpp">
      <Filter>Items</Filter>
    </ClCompile>
    <ClCompile Include="Useable.cpp">
      <Filter>Items</Filter>
    </ClCompile>
    <ClCompile Include="Equipable.cpp">
      <Filter>Items</Filter>
    </ClCompile>
    <ClCompile Include="ItemVisitor.cpp">
      <Filter>Source Files</Filter>
    </ClCompile>
    <ClCompile Include="NoItem.cpp">
      <Filter>Source Files</Filter>
    </ClCompile>
    <ClCompile Include="Talisman.cpp">
      <Filter>Source Files\Items</Filter>
    </ClCompile>
  </ItemGroup>
</Project>