
Microsoft Visual Studio Solution File, Format Version 12.00
# Visual Studio 2013
VisualStudioVersion = 12.0.21005.1
MinimumVisualStudioVersion = 10.0.40219.1
Project("{8BC9CEB8-8B4A-11D0-8D11-00A0C91BC942}") = "cuperplusplus", "cuperplusplus\cuperplusplus.vcxproj", "{FBE1C81C-E085-4652-9309-CCEA578219BD}"
EndProject
Global
	GlobalSection(SolutionConfigurationPlatforms) = preSolution
		Debug|Win32 = Debug|Win32
		Release|Win32 = Release|Win32
	EndGlobalSection
	GlobalSection(ProjectConfigurationPlatforms) = postSolution
		{FBE1C81C-E085-4652-9309-CCEA578219BD}.Debug|Win32.ActiveCfg = Debug|Win32
		{FBE1C81C-E085-4652-9309-CCEA578219BD}.Debug|Win32.Build.0 = Debug|Win32
		{FBE1C81C-E085-4652-9309-CCEA578219BD}.Release|Win32.ActiveCfg = Release|Win32
		{FBE1C81C-E085-4652-9309-CCEA578219BD}.Release|Win32.Build.0 = Release|Win32
	EndGlobalSection
	GlobalSection(SolutionProperties) = preSolution
		HideSolutionNode = FALSE
	EndGlobalSection
EndGlobal
